Microsoft Visual Studio Solution File, Format Version 12.00
# Visual Studio 2012
Project("{FAE04EC0-301F-11D3-BF4B-00C04F79EFBC}") = "3d_hexagons", "3d_hexagons.csproj", "{960148EA-11A0-4F16-B150-FD5FA782F774}"
EndProject
Global
	GlobalSection(SolutionConfigurationPlatforms) = preSolution
	Debug|Any CPU = Debug|Any CPU
	ExportDebug|Any CPU = ExportDebug|Any CPU
	ExportRelease|Any CPU = ExportRelease|Any CPU
	EndGlobalSection
	GlobalSection(ProjectConfigurationPlatforms) = postSolution
		{960148EA-11A0-4F16-B150-FD5FA782F774}.Debug|Any CPU.ActiveCfg = Debug|Any CPU
		{960148EA-11A0-4F16-B150-FD5FA782F774}.Debug|Any CPU.Build.0 = Debug|Any CPU
		{960148EA-11A0-4F16-B150-FD5FA782F774}.ExportDebug|Any CPU.ActiveCfg = ExportDebug|Any CPU
		{960148EA-11A0-4F16-B150-FD5FA782F774}.ExportDebug|Any CPU.Build.0 = ExportDebug|Any CPU
		{960148EA-11A0-4F16-B150-FD5FA782F774}.ExportRelease|Any CPU.ActiveCfg = ExportRelease|Any CPU
		{960148EA-11A0-4F16-B150-FD5FA782F774}.ExportRelease|Any CPU.Build.0 = ExportRelease|Any CPU
	EndGlobalSection
EndGlobal
